
Microsoft Visual Studio Solution File, Format Version 12.00
# Visual Studio Version 17
VisualStudioVersion = 17.10.34916.146
MinimumVisualStudioVersion = 10.0.40219.1
Project("{9A19103F-16F7-4668-BE54-9A1E7A4F7556}") = "HmacAuthToolkit", "HmacAuthToolkit\HmacAuthToolkit.csproj", "{7737EDDD-3611-4DC3-9486-FA71097DA16C}"
EndProject
Project("{FAE04EC0-301F-11D3-BF4B-00C04F79EFBC}") = "HmacAuthToolkitTests", "HmacAuthToolkitTests\HmacAuthToolkitTests.csproj", "{B5CAC9A0-3A0B-4DF2-BB4A-6CE27B3604E1}"
EndProject
Global
	GlobalSection(SolutionConfigurationPlatforms) = preSolution
		Debug|Any CPU = Debug|Any CPU
		Release|Any CPU = Release|Any CPU
	EndGlobalSection
	GlobalSection(ProjectConfigurationPlatforms) = postSolution
		{7737EDDD-3611-4DC3-9486-FA71097DA16C}.Debug|Any CPU.ActiveCfg = Debug|Any CPU
		{7737EDDD-3611-4DC3-9486-FA71097DA16C}.Debug|Any CPU.Build.0 = Debug|Any CPU
		{7737EDDD-3611-4DC3-9486-FA71097DA16C}.Release|Any CPU.ActiveCfg = Release|Any CPU
		{7737EDDD-3611-4DC3-9486-FA71097DA16C}.Release|Any CPU.Build.0 = Release|Any CPU
		{B5CAC9A0-3A0B-4DF2-BB4A-6CE27B3604E1}.Debug|Any CPU.ActiveCfg = Debug|Any CPU
		{B5CAC9A0-3A0B-4DF2-BB4A-6CE27B3604E1}.Debug|Any CPU.Build.0 = Debug|Any CPU
		{B5CAC9A0-3A0B-4DF2-BB4A-6CE27B3604E1}.Release|Any CPU.ActiveCfg = Release|Any CPU
		{B5CAC9A0-3A0B-4DF2-BB4A-6CE27B3604E1}.Release|Any CPU.Build.0 = Release|Any CPU
	EndGlobalSection
	GlobalSection(SolutionProperties) = preSolution
		HideSolutionNode = FALSE
	EndGlobalSection
	GlobalSection(ExtensibilityGlobals) = postSolution
		SolutionGuid = {471BFE90-B2D8-46EA-AA34-4CF54616DA04}
	EndGlobalSection
EndGlobal
